Microsoft Visual Studio Solution File, Format Version 12.00
# Visual Studio Version 17
VisualStudioVersion = 17.14.36623.8
MinimumVisualStudioVersion = 10.0.40219.1
Project("{FAE04EC0-301F-11D3-BF4B-00C04F79EFBC}") = "LibraryService.Tests", "LibraryService.Tests\LibraryService.Tests.csproj", "{D3426CB8-84C6-4B60-8EB4-F3FFCCD69C0F}"
EndProject
Project("{FAE04EC0-301F-11D3-BF4B-00C04F79EFBC}") = "LibraryService.BL", "LibraryService.BL\LibraryService.BL.csproj", "{2C0BBBC4-319C-DDC7-0D53-BDCD506B9CF4}"
EndProject
Project("{FAE04EC0-301F-11D3-BF4B-00C04F79EFBC}") = "LibraryService.DL", "LibraryService.DL\LibraryService.DL.csproj", "{7C3A0190-4252-2583-17E3-7B8876157DCE}"
EndProject
Project("{FAE04EC0-301F-11D3-BF4B-00C04F79EFBC}") = "LibraryService.Host", "LibraryService.Host\LibraryService.Host.csproj", "{D66D487F-6B32-3D45-A41D-2895AE2DA721}"
EndProject
Project("{FAE04EC0-301F-11D3-BF4B-00C04F79EFBC}") = "LibraryService.Models", "LibraryService.Models\LibraryService.Models.csproj", "{FD60C268-89A0-C6E5-7CB9-6551E1986878}"
EndProject
Global
	GlobalSection(SolutionConfigurationPlatforms) = preSolution
		Debug|Any CPU = Debug|Any CPU
		Release|Any CPU = Release|Any CPU
	EndGlobalSection
	GlobalSection(ProjectConfigurationPlatforms) = postSolution
		{D3426CB8-84C6-4B60-8EB4-F3FFCCD69C0F}.Debug|Any CPU.ActiveCfg = Debug|Any CPU
		{D3426CB8-84C6-4B60-8EB4-F3FFCCD69C0F}.Debug|Any CPU.Build.0 = Debug|Any CPU
		{D3426CB8-84C6-4B60-8EB4-F3FFCCD69C0F}.Release|Any CPU.ActiveCfg = Release|Any CPU
		{D3426CB8-84C6-4B60-8EB4-F3FFCCD69C0F}.Release|Any CPU.Build.0 = Release|Any CPU
		{2C0BBBC4-319C-DDC7-0D53-BDCD506B9CF4}.Debug|Any CPU.ActiveCfg = Debug|Any CPU
		{2C0BBBC4-319C-DDC7-0D53-BDCD506B9CF4}.Debug|Any CPU.Build.0 = Debug|Any CPU
		{2C0BBBC4-319C-DDC7-0D53-BDCD506B9CF4}.Release|Any CPU.ActiveCfg = Release|Any CPU
		{2C0BBBC4-319C-DDC7-0D53-BDCD506B9CF4}.Release|Any CPU.Build.0 = Release|Any CPU
		{7C3A0190-4252-2583-17E3-7B8876157DCE}.Debug|Any CPU.ActiveCfg = Debug|Any CPU
		{7C3A0190-4252-2583-17E3-7B8876157DCE}.Debug|Any CPU.Build.0 = Debug|Any CPU
		{7C3A0190-4252-2583-17E3-7B8876157DCE}.Release|Any CPU.ActiveCfg = Release|Any CPU
		{7C3A0190-4252-2583-17E3-7B8876157DCE}.Release|Any CPU.Build.0 = Release|Any CPU
		{D66D487F-6B32-3D45-A41D-2895AE2DA721}.Debug|Any CPU.ActiveCfg = Debug|Any CPU
		{D66D487F-6B32-3D45-A41D-2895AE2DA721}.Debug|Any CPU.Build.0 = Debug|Any CPU
		{D66D487F-6B32-3D45-A41D-2895AE2DA721}.Release|Any CPU.ActiveCfg = Release|Any CPU
		{D66D487F-6B32-3D45-A41D-2895AE2DA721}.Release|Any CPU.Build.0 = Release|Any CPU
		{FD60C268-89A0-C6E5-7CB9-6551E1986878}.Debug|Any CPU.ActiveCfg = Debug|Any CPU
		{FD60C268-89A0-C6E5-7CB9-6551E1986878}.Debug|Any CPU.Build.0 = Debug|Any CPU
		{FD60C268-89A0-C6E5-7CB9-6551E1986878}.Release|Any CPU.ActiveCfg = Release|Any CPU
		{FD60C268-89A0-C6E5-7CB9-6551E1986878}.Release|Any CPU.Build.0 = Release|Any CPU
	EndGlobalSection
	GlobalSection(SolutionProperties) = preSolution
		HideSolutionNode = FALSE
	EndGlobalSection
	GlobalSection(ExtensibilityGlobals) = postSolution
		SolutionGuid = {1B920A02-0FDB-4867-B344-B1BFA0DAE04B}
	EndGlobalSection
EndGlobal
